
Microsoft Visual Studio Solution File, Format Version 12.00
# Visual Studio Version 17
VisualStudioVersion = 17.9.34723.18
MinimumVisualStudioVersion = 10.0.40219.1
Project("{FAE04EC0-301F-11D3-BF4B-00C04F79EFBC}") = "GoFiveAPI-Assignment.Server", "GoFiveAPI-Assignment.Server\GoFiveAPI-Assignment.Server.csproj", "{1C87582C-60E3-460A-8C05-04EB44F5A60F}"
EndProject
Project("{54A90642-561A-4BB1-A94E-469ADEE60C69}") = "gofiveapi-assignment.client", "gofiveapi-assignment.client\gofiveapi-assignment.client.esproj", "{CE55E4B6-6AA9-4C8F-80C2-93EA8391DA08}"
EndProject
Global
	GlobalSection(SolutionConfigurationPlatforms) = preSolution
		Debug|Any CPU = Debug|Any CPU
		Release|Any CPU = Release|Any CPU
	EndGlobalSection
	GlobalSection(ProjectConfigurationPlatforms) = postSolution
		{1C87582C-60E3-460A-8C05-04EB44F5A60F}.Debug|Any CPU.ActiveCfg = Debug|Any CPU
		{1C87582C-60E3-460A-8C05-04EB44F5A60F}.Debug|Any CPU.Build.0 = Debug|Any CPU
		{1C87582C-60E3-460A-8C05-04EB44F5A60F}.Release|Any CPU.ActiveCfg = Release|Any CPU
		{1C87582C-60E3-460A-8C05-04EB44F5A60F}.Release|Any CPU.Build.0 = Release|Any CPU
		{CE55E4B6-6AA9-4C8F-80C2-93EA8391DA08}.Debug|Any CPU.ActiveCfg = Debug|Any CPU
		{CE55E4B6-6AA9-4C8F-80C2-93EA8391DA08}.Debug|Any CPU.Build.0 = Debug|Any CPU
		{CE55E4B6-6AA9-4C8F-80C2-93EA8391DA08}.Debug|Any CPU.Deploy.0 = Debug|Any CPU
		{CE55E4B6-6AA9-4C8F-80C2-93EA8391DA08}.Release|Any CPU.ActiveCfg = Release|Any CPU
		{CE55E4B6-6AA9-4C8F-80C2-93EA8391DA08}.Release|Any CPU.Build.0 = Release|Any CPU
		{CE55E4B6-6AA9-4C8F-80C2-93EA8391DA08}.Release|Any CPU.Deploy.0 = Release|Any CPU
	EndGlobalSection
	GlobalSection(SolutionProperties) = preSolution
		HideSolutionNode = FALSE
	EndGlobalSection
	GlobalSection(ExtensibilityGlobals) = postSolution
		SolutionGuid = {E0B85669-8E05-402B-B76D-6986C7101DB2}
	EndGlobalSection
EndGlobal
